
Microsoft Visual Studio Solution File, Format Version 11.00
# Visual Studio 2010
Project("{FAE04EC0-301F-11D3-BF4B-00C04F79EFBC}") = "Assembly-CSharp", "Assembly-CSharp.csproj", "{10EEFD12-BA84-96B2-A0F2-661B91458B91}"
EndProject
Project("{FAE04EC0-301F-11D3-BF4B-00C04F79EFBC}") = "TextToTMP.Editor", "TextToTMP.Editor.csproj", "{DDA18EEE-FA47-4401-D9B4-3D8624CEDE2B}"
EndProject
Project("{FAE04EC0-301F-11D3-BF4B-00C04F79EFBC}") = "Assembly-CSharp-Editor-firstpass", "Assembly-CSharp-Editor-firstpass.csproj", "{4BBBCDC8-74AB-8F86-4554-B098DC73D97F}"
EndProject
Global
	GlobalSection(SolutionConfigurationPlatforms) = preSolution
		Debug|Any CPU = Debug|Any CPU
		Release|Any CPU = Release|Any CPU
	EndGlobalSection
	GlobalSection(ProjectConfigurationPlatforms) = postSolution
		{10EEFD12-BA84-96B2-A0F2-661B91458B91}.Debug|Any CPU.ActiveCfg = Debug|Any CPU
		{10EEFD12-BA84-96B2-A0F2-661B91458B91}.Debug|Any CPU.Build.0 = Debug|Any CPU
		{10EEFD12-BA84-96B2-A0F2-661B91458B91}.Release|Any CPU.ActiveCfg = Release|Any CPU
		{10EEFD12-BA84-96B2-A0F2-661B91458B91}.Release|Any CPU.Build.0 = Release|Any CPU
		{DDA18EEE-FA47-4401-D9B4-3D8624CEDE2B}.Debug|Any CPU.ActiveCfg = Debug|Any CPU
		{DDA18EEE-FA47-4401-D9B4-3D8624CEDE2B}.Debug|Any CPU.Build.0 = Debug|Any CPU
		{DDA18EEE-FA47-4401-D9B4-3D8624CEDE2B}.Release|Any CPU.ActiveCfg = Release|Any CPU
		{DDA18EEE-FA47-4401-D9B4-3D8624CEDE2B}.Release|Any CPU.Build.0 = Release|Any CPU
		{4BBBCDC8-74AB-8F86-4554-B098DC73D97F}.Debug|Any CPU.ActiveCfg = Debug|Any CPU
		{4BBBCDC8-74AB-8F86-4554-B098DC73D97F}.Debug|Any CPU.Build.0 = Debug|Any CPU
		{4BBBCDC8-74AB-8F86-4554-B098DC73D97F}.Release|Any CPU.ActiveCfg = Release|Any CPU
		{4BBBCDC8-74AB-8F86-4554-B098DC73D97F}.Release|Any CPU.Build.0 = Release|Any CPU
	EndGlobalSection
	GlobalSection(SolutionProperties) = preSolution
		HideSolutionNode = FALSE
	EndGlobalSection
	GlobalSection(MonoDevelopProperties) = preSolution
		StartupItem = Assembly-CSharp.csproj
	EndGlobalSection
EndGlobal
